# This file was autogenerated by Stack.
# You should not edit this file by hand.
# For more information, please see the documentation at:
#   https://docs.haskellstack.org/en/stable/lock_files

packages:
- completed:
    hackage: hspec-2.7.1@sha256:0aa48928ce80a34f8ff8c5ef114bb6807edfb8d884bcd7211eceed710e7fb7a8,1769
    pantry-tree:
      size: 532
      sha256: 8128733a7ef4760bbe5d978f2145fdcb29f4491b17db11e8c05b409441ceecb4
  original:
    hackage: hspec-2.7.1
- completed:
    hackage: hw-kafka-client-3.1.0@sha256:78982724bf4b27805e61d374aa67a10e729416c917ac9f530b15bea5c7f922e6,4616
    pantry-tree:
      size: 2055
      sha256: 59c7045a9fbc1ab32f01f0457f6e60c851ea8bce9e0229631e95166d512ca2ae
  original:
    hackage: hw-kafka-client-3.1.0
snapshots:
- completed:
    size: 492015
    url: https://raw.githubusercontent.com/commercialhaskell/stackage-snapshots/master/lts/15/8.yaml
    sha256: 926bc3d70249dd0ba05277ff00943c0addb35b627cb641752669e7cf771310d0
  original: lts-15.8
